
Microsoft Visual Studio Solution File, Format Version 12.00
# Visual Studio Version 16
VisualStudioVersion = 16.0.31727.386
MinimumVisualStudioVersion = 10.0.40219.1
Project("{9A19103F-16F7-4668-BE54-9A1E7A4F7556}") = "WebApiGames", "WebApiGames\WebApiGames.csproj", "{1C66C4C1-61B1-420E-9197-EC423816BA24}"
	ProjectSection(ProjectDependencies) = postProject
		{3125BB86-458F-47D0-8497-DF990440C1DF} = {3125BB86-458F-47D0-8497-DF990440C1DF}
	EndProjectSection
EndProject
Project("{FAE04EC0-301F-11D3-BF4B-00C04F79EFBC}") = "WebApiGames.Data", "WebApiGames.Data\WebApiGames.Data.csproj", "{3125BB86-458F-47D0-8497-DF990440C1DF}"
	ProjectSection(ProjectDependencies) = postProject
		{6DF28BB1-DF98-4DC7-A8BD-41A70193E398} = {6DF28BB1-DF98-4DC7-A8BD-41A70193E398}
	EndProjectSection
EndProject
Project("{FAE04EC0-301F-11D3-BF4B-00C04F79EFBC}") = "WebApiGames.Domain", "WebApiGames.Domain\WebApiGames.Domain.csproj", "{6DF28BB1-DF98-4DC7-A8BD-41A70193E398}"
EndProject
Global
	GlobalSection(SolutionConfigurationPlatforms) = preSolution
		Debug|Any CPU = Debug|Any CPU
		Release|Any CPU = Release|Any CPU
	EndGlobalSection
	GlobalSection(ProjectConfigurationPlatforms) = postSolution
		{1C66C4C1-61B1-420E-9197-EC423816BA24}.Debug|Any CPU.ActiveCfg = Debug|Any CPU
		{1C66C4C1-61B1-420E-9197-EC423816BA24}.Debug|Any CPU.Build.0 = Debug|Any CPU
		{1C66C4C1-61B1-420E-9197-EC423816BA24}.Release|Any CPU.ActiveCfg = Release|Any CPU
		{1C66C4C1-61B1-420E-9197-EC423816BA24}.Release|Any CPU.Build.0 = Release|Any CPU
		{3125BB86-458F-47D0-8497-DF990440C1DF}.Debug|Any CPU.ActiveCfg = Debug|Any CPU
		{3125BB86-458F-47D0-8497-DF990440C1DF}.Debug|Any CPU.Build.0 = Debug|Any CPU
		{3125BB86-458F-47D0-8497-DF990440C1DF}.Release|Any CPU.ActiveCfg = Release|Any CPU
		{3125BB86-458F-47D0-8497-DF990440C1DF}.Release|Any CPU.Build.0 = Release|Any CPU
		{6DF28BB1-DF98-4DC7-A8BD-41A70193E398}.Debug|Any CPU.ActiveCfg = Debug|Any CPU
		{6DF28BB1-DF98-4DC7-A8BD-41A70193E398}.Debug|Any CPU.Build.0 = Debug|Any CPU
		{6DF28BB1-DF98-4DC7-A8BD-41A70193E398}.Release|Any CPU.ActiveCfg = Release|Any CPU
		{6DF28BB1-DF98-4DC7-A8BD-41A70193E398}.Release|Any CPU.Build.0 = Release|Any CPU
	EndGlobalSection
	GlobalSection(SolutionProperties) = preSolution
		HideSolutionNode = FALSE
	EndGlobalSection
	GlobalSection(ExtensibilityGlobals) = postSolution
		SolutionGuid = {3CBFF802-254F-4CEA-BCC3-5A7067F196D1}
	EndGlobalSection
EndGlobal
